
Microsoft Visual Studio Solution File, Format Version 12.00
# Visual Studio Version 16
VisualStudioVersion = 16.0.31005.135
MinimumVisualStudioVersion = 10.0.40219.1
Project("{FAE04EC0-301F-11D3-BF4B-00C04F79EFBC}") = "AzureMapUpdater", "AzureMapUpdater.csproj", "{245FC6A0-02DC-459B-9DB2-EE4DB316E1C0}"
EndProject
Global
	GlobalSection(SolutionConfigurationPlatforms) = preSolution
		Debug|Any CPU = Debug|Any CPU
		Release|Any CPU = Release|Any CPU
	EndGlobalSection
	GlobalSection(ProjectConfigurationPlatforms) = postSolution
		{245FC6A0-02DC-459B-9DB2-EE4DB316E1C0}.Debug|Any CPU.ActiveCfg = Debug|Any CPU
		{245FC6A0-02DC-459B-9DB2-EE4DB316E1C0}.Debug|Any CPU.Build.0 = Debug|Any CPU
		{245FC6A0-02DC-459B-9DB2-EE4DB316E1C0}.Release|Any CPU.ActiveCfg = Release|Any CPU
		{245FC6A0-02DC-459B-9DB2-EE4DB316E1C0}.Release|Any CPU.Build.0 = Release|Any CPU
	EndGlobalSection
	GlobalSection(SolutionProperties) = preSolution
		HideSolutionNode = FALSE
	EndGlobalSection
	GlobalSection(ExtensibilityGlobals) = postSolution
		SolutionGuid = {17357BB2-1C06-40F1-8486-79C8FA03D6A5}
	EndGlobalSection
EndGlobal
